
Microsoft Visual Studio Solution File, Format Version 12.00
# Visual Studio Version 17
VisualStudioVersion = 17.14.35906.104 d17.14
MinimumVisualStudioVersion = 10.0.40219.1
Project("{FAE04EC0-301F-11D3-BF4B-00C04F79EFBC}") = "AmmFramework.Extensions.UsersManagement", "AmmFramework.Extensions.UsersManagement\AmmFramework.Extensions.UsersManagement.csproj", "{0ED951FE-02EF-4634-B4DC-F6D65834EDEA}"
EndProject
Global
	GlobalSection(SolutionConfigurationPlatforms) = preSolution
		Debug|Any CPU = Debug|Any CPU
		Release|Any CPU = Release|Any CPU
	EndGlobalSection
	GlobalSection(ProjectConfigurationPlatforms) = postSolution
		{0ED951FE-02EF-4634-B4DC-F6D65834EDEA}.Debug|Any CPU.ActiveCfg = Debug|Any CPU
		{0ED951FE-02EF-4634-B4DC-F6D65834EDEA}.Debug|Any CPU.Build.0 = Debug|Any CPU
		{0ED951FE-02EF-4634-B4DC-F6D65834EDEA}.Release|Any CPU.ActiveCfg = Release|Any CPU
		{0ED951FE-02EF-4634-B4DC-F6D65834EDEA}.Release|Any CPU.Build.0 = Release|Any CPU
	EndGlobalSection
	GlobalSection(SolutionProperties) = preSolution
		HideSolutionNode = FALSE
	EndGlobalSection
	GlobalSection(ExtensibilityGlobals) = postSolution
		SolutionGuid = {6362CA28-F657-4AA8-B788-50E178515C2B}
	EndGlobalSection
EndGlobal
