
Microsoft Visual Studio Solution File, Format Version 12.00
# Visual Studio Version 17
VisualStudioVersion = 17.14.35906.104 d17.14
MinimumVisualStudioVersion = 10.0.40219.1
Project("{FAE04EC0-301F-11D3-BF4B-00C04F79EFBC}") = "AmmFramework.Extensions.Events.PollingPublisher", "AmmFramework.Extensions.Events.PollingPublisher\AmmFramework.Extensions.Events.PollingPublisher.csproj", "{195B2623-C85B-4EB5-855D-165719646CE8}"
EndProject
Project("{FAE04EC0-301F-11D3-BF4B-00C04F79EFBC}") = "AmmFramework.Extensions.Events.PollingPublisher.Dal.Dapper", "AmmFramework.Extensions.Events.PollingPublisher.Dal.Dapper\AmmFramework.Extensions.Events.PollingPublisher.Dal.Dapper.csproj", "{C79E2BAC-13E6-4262-8B21-2DA26AE05CAA}"
EndProject
Global
	GlobalSection(SolutionConfigurationPlatforms) = preSolution
		Debug|Any CPU = Debug|Any CPU
		Release|Any CPU = Release|Any CPU
	EndGlobalSection
	GlobalSection(ProjectConfigurationPlatforms) = postSolution
		{195B2623-C85B-4EB5-855D-165719646CE8}.Debug|Any CPU.ActiveCfg = Debug|Any CPU
		{195B2623-C85B-4EB5-855D-165719646CE8}.Debug|Any CPU.Build.0 = Debug|Any CPU
		{195B2623-C85B-4EB5-855D-165719646CE8}.Release|Any CPU.ActiveCfg = Release|Any CPU
		{195B2623-C85B-4EB5-855D-165719646CE8}.Release|Any CPU.Build.0 = Release|Any CPU
		{C79E2BAC-13E6-4262-8B21-2DA26AE05CAA}.Debug|Any CPU.ActiveCfg = Debug|Any CPU
		{C79E2BAC-13E6-4262-8B21-2DA26AE05CAA}.Debug|Any CPU.Build.0 = Debug|Any CPU
		{C79E2BAC-13E6-4262-8B21-2DA26AE05CAA}.Release|Any CPU.ActiveCfg = Release|Any CPU
		{C79E2BAC-13E6-4262-8B21-2DA26AE05CAA}.Release|Any CPU.Build.0 = Release|Any CPU
	EndGlobalSection
	GlobalSection(SolutionProperties) = preSolution
		HideSolutionNode = FALSE
	EndGlobalSection
	GlobalSection(ExtensibilityGlobals) = postSolution
		SolutionGuid = {999FC7D4-0573-4F2D-BE8B-20EED4C78D68}
	EndGlobalSection
EndGlobal
