
Microsoft Visual Studio Solution File, Format Version 12.00
# Visual Studio Version 17
VisualStudioVersion = 17.14.35906.104 d17.14
MinimumVisualStudioVersion = 10.0.40219.1
Project("{FAE04EC0-301F-11D3-BF4B-00C04F79EFBC}") = "AmmFramework.Extensions.ObjectMappers.AutoMapper", "AmmFramework.Extensions.ObjectMappers.AutoMapper\AmmFramework.Extensions.ObjectMappers.AutoMapper.csproj", "{38E57482-A459-441D-A6CE-36A251D77F32}"
EndProject
Global
	GlobalSection(SolutionConfigurationPlatforms) = preSolution
		Debug|Any CPU = Debug|Any CPU
		Release|Any CPU = Release|Any CPU
	EndGlobalSection
	GlobalSection(ProjectConfigurationPlatforms) = postSolution
		{38E57482-A459-441D-A6CE-36A251D77F32}.Debug|Any CPU.ActiveCfg = Debug|Any CPU
		{38E57482-A459-441D-A6CE-36A251D77F32}.Debug|Any CPU.Build.0 = Debug|Any CPU
		{38E57482-A459-441D-A6CE-36A251D77F32}.Release|Any CPU.ActiveCfg = Release|Any CPU
		{38E57482-A459-441D-A6CE-36A251D77F32}.Release|Any CPU.Build.0 = Release|Any CPU
	EndGlobalSection
	GlobalSection(SolutionProperties) = preSolution
		HideSolutionNode = FALSE
	EndGlobalSection
	GlobalSection(ExtensibilityGlobals) = postSolution
		SolutionGuid = {DDB1D8DA-DB2E-48A0-8C64-89E4E87D50D9}
	EndGlobalSection
EndGlobal
