
Microsoft Visual Studio Solution File, Format Version 12.00
# Visual Studio Version 17
VisualStudioVersion = 17.14.35906.104 d17.14
MinimumVisualStudioVersion = 10.0.40219.1
Project("{FAE04EC0-301F-11D3-BF4B-00C04F79EFBC}") = "AmmFramework.Utilities.SoftwarePartsDetector", "AmmFramework.Utilities.SoftwarePartsDetector\AmmFramework.Utilities.SoftwarePartsDetector.csproj", "{4650784E-2C32-4AF8-882E-5A8CBF2881FD}"
EndProject
Global
	GlobalSection(SolutionConfigurationPlatforms) = preSolution
		Debug|Any CPU = Debug|Any CPU
		Release|Any CPU = Release|Any CPU
	EndGlobalSection
	GlobalSection(ProjectConfigurationPlatforms) = postSolution
		{4650784E-2C32-4AF8-882E-5A8CBF2881FD}.Debug|Any CPU.ActiveCfg = Debug|Any CPU
		{4650784E-2C32-4AF8-882E-5A8CBF2881FD}.Debug|Any CPU.Build.0 = Debug|Any CPU
		{4650784E-2C32-4AF8-882E-5A8CBF2881FD}.Release|Any CPU.ActiveCfg = Release|Any CPU
		{4650784E-2C32-4AF8-882E-5A8CBF2881FD}.Release|Any CPU.Build.0 = Release|Any CPU
	EndGlobalSection
	GlobalSection(SolutionProperties) = preSolution
		HideSolutionNode = FALSE
	EndGlobalSection
	GlobalSection(ExtensibilityGlobals) = postSolution
		SolutionGuid = {ECD1CF52-9BE1-41E7-BB18-15B49A6DD656}
	EndGlobalSection
EndGlobal
