
Microsoft Visual Studio Solution File, Format Version 12.00
# Visual Studio Version 17
VisualStudioVersion = 17.14.35906.104 d17.14
MinimumVisualStudioVersion = 10.0.40219.1
Project("{FAE04EC0-301F-11D3-BF4B-00C04F79EFBC}") = "AmmFramework.Extensions.Serializers.Microsoft", "AmmFramework.Extensions.Serializers.Microsoft\AmmFramework.Extensions.Serializers.Microsoft.csproj", "{FDBA1125-8683-4364-BAED-6C6AAD97BDD9}"
EndProject
Global
	GlobalSection(SolutionConfigurationPlatforms) = preSolution
		Debug|Any CPU = Debug|Any CPU
		Release|Any CPU = Release|Any CPU
	EndGlobalSection
	GlobalSection(ProjectConfigurationPlatforms) = postSolution
		{FDBA1125-8683-4364-BAED-6C6AAD97BDD9}.Debug|Any CPU.ActiveCfg = Debug|Any CPU
		{FDBA1125-8683-4364-BAED-6C6AAD97BDD9}.Debug|Any CPU.Build.0 = Debug|Any CPU
		{FDBA1125-8683-4364-BAED-6C6AAD97BDD9}.Release|Any CPU.ActiveCfg = Release|Any CPU
		{FDBA1125-8683-4364-BAED-6C6AAD97BDD9}.Release|Any CPU.Build.0 = Release|Any CPU
	EndGlobalSection
	GlobalSection(SolutionProperties) = preSolution
		HideSolutionNode = FALSE
	EndGlobalSection
	GlobalSection(ExtensibilityGlobals) = postSolution
		SolutionGuid = {E10AF070-0C68-4E63-ACDF-20ADDED24F79}
	EndGlobalSection
EndGlobal
