
Microsoft Visual Studio Solution File, Format Version 12.00
# Visual Studio Version 17
VisualStudioVersion = 17.14.35906.104 d17.14
MinimumVisualStudioVersion = 10.0.40219.1
Project("{2150E333-8FDC-42A3-9474-1A3956D46DE8}") = "src", "src", "{02EA681E-C7D8-13C7-8484-4AC65E1B71E8}"
EndProject
Project("{2150E333-8FDC-42A3-9474-1A3956D46DE8}") = "sample", "sample", "{D267103F-F658-4F63-A330-1ACCC3E6696F}"
EndProject
Project("{2150E333-8FDC-42A3-9474-1A3956D46DE8}") = "0.Utilities", "0.Utilities", "{72ADB503-D3C5-41AD-B0AF-508BD8AC0192}"
EndProject
Project("{2150E333-8FDC-42A3-9474-1A3956D46DE8}") = "1.Core", "1.Core", "{51142206-87CD-4423-9F42-E10B9C563521}"
EndProject
Project("{2150E333-8FDC-42A3-9474-1A3956D46DE8}") = "2.Infra", "2.Infra", "{DD5D28A6-666D-448E-8951-3C1842AEF018}"
EndProject
Project("{2150E333-8FDC-42A3-9474-1A3956D46DE8}") = "3.EndPoints", "3.EndPoints", "{F6242835-45EF-4F39-99A1-E6FD4CED1677}"
EndProject
Project("{FAE04EC0-301F-11D3-BF4B-00C04F79EFBC}") = "AmmFramework.Utilities", "0.Utilities\AmmFramework.Utilities\AmmFramework.Utilities.csproj", "{7AC12C92-F1D8-4ECC-ADA8-6F9A0E281C6C}"
EndProject
Project("{FAE04EC0-301F-11D3-BF4B-00C04F79EFBC}") = "AmmFramework.Core.Domain", "1.Core\AmmFramework.Core.Domain\AmmFramework.Core.Domain.csproj", "{0B588681-3784-4C6D-A193-364702328BED}"
EndProject
Project("{FAE04EC0-301F-11D3-BF4B-00C04F79EFBC}") = "AmmFramework.Core.Contracts", "1.Core\AmmFramework.Core.Contracts\AmmFramework.Core.Contracts.csproj", "{2884D9D5-C5CF-4536-8DCB-FE641019F098}"
EndProject
Project("{FAE04EC0-301F-11D3-BF4B-00C04F79EFBC}") = "AmmFramework.Core.RequestResponse", "1.Core\AmmFramework.Core.RequestResponse\AmmFramework.Core.RequestResponse.csproj", "{0FAF1391-9BB9-4627-8455-B2CAE9B2C80A}"
EndProject
Project("{FAE04EC0-301F-11D3-BF4B-00C04F79EFBC}") = "AmmFramework.Core.ApplicationService", "1.Core\AmmFramework.Core.ApplicationService\AmmFramework.Core.ApplicationService.csproj", "{524C58EA-4337-4E12-BAB1-5029BB0F7EB2}"
EndProject
Project("{2150E333-8FDC-42A3-9474-1A3956D46DE8}") = "Data", "Data", "{4C903DC4-06F7-4709-B705-DCDEB3CA7FFB}"
EndProject
Project("{FAE04EC0-301F-11D3-BF4B-00C04F79EFBC}") = "AmmFramework.Infra.Data.Sql", "2.Infra\Data\AmmFramework.Infra.Data.Sql\AmmFramework.Infra.Data.Sql.csproj", "{E3EFA50E-1A73-4FEE-81BB-6C34052BC5DD}"
EndProject
Project("{FAE04EC0-301F-11D3-BF4B-00C04F79EFBC}") = "AmmFramework.Infra.Data.Sql.Commands", "2.Infra\Data\AmmFramework.Infra.Data.Sql.Commands\AmmFramework.Infra.Data.Sql.Commands.csproj", "{A64277DF-33E2-4F7B-BF77-183306D2012D}"
EndProject
Project("{FAE04EC0-301F-11D3-BF4B-00C04F79EFBC}") = "AmmFramework.Infra.Data.Queries", "2.Infra\Data\AmmFramework.Infra.Data.Queries\AmmFramework.Infra.Data.Queries.csproj", "{C73E8EF0-2A8D-45D1-B069-B1561A0CABB2}"
EndProject
Project("{FAE04EC0-301F-11D3-BF4B-00C04F79EFBC}") = "AmmFramework.EndPoints.Web", "3.EndPoints\AmmFramework.EndPoints.Web\AmmFramework.EndPoints.Web.csproj", "{C9ABA3B1-8FB6-400A-99AB-84A32F994AB2}"
EndProject
Global
	GlobalSection(SolutionConfigurationPlatforms) = preSolution
		Debug|Any CPU = Debug|Any CPU
		Release|Any CPU = Release|Any CPU
	EndGlobalSection
	GlobalSection(ProjectConfigurationPlatforms) = postSolution
		{7AC12C92-F1D8-4ECC-ADA8-6F9A0E281C6C}.Debug|Any CPU.ActiveCfg = Debug|Any CPU
		{7AC12C92-F1D8-4ECC-ADA8-6F9A0E281C6C}.Debug|Any CPU.Build.0 = Debug|Any CPU
		{7AC12C92-F1D8-4ECC-ADA8-6F9A0E281C6C}.Release|Any CPU.ActiveCfg = Release|Any CPU
		{7AC12C92-F1D8-4ECC-ADA8-6F9A0E281C6C}.Release|Any CPU.Build.0 = Release|Any CPU
		{0B588681-3784-4C6D-A193-364702328BED}.Debug|Any CPU.ActiveCfg = Debug|Any CPU
		{0B588681-3784-4C6D-A193-364702328BED}.Debug|Any CPU.Build.0 = Debug|Any CPU
		{0B588681-3784-4C6D-A193-364702328BED}.Release|Any CPU.ActiveCfg = Release|Any CPU
		{0B588681-3784-4C6D-A193-364702328BED}.Release|Any CPU.Build.0 = Release|Any CPU
		{2884D9D5-C5CF-4536-8DCB-FE641019F098}.Debug|Any CPU.ActiveCfg = Debug|Any CPU
		{2884D9D5-C5CF-4536-8DCB-FE641019F098}.Debug|Any CPU.Build.0 = Debug|Any CPU
		{2884D9D5-C5CF-4536-8DCB-FE641019F098}.Release|Any CPU.ActiveCfg = Release|Any CPU
		{2884D9D5-C5CF-4536-8DCB-FE641019F098}.Release|Any CPU.Build.0 = Release|Any CPU
		{0FAF1391-9BB9-4627-8455-B2CAE9B2C80A}.Debug|Any CPU.ActiveCfg = Debug|Any CPU
		{0FAF1391-9BB9-4627-8455-B2CAE9B2C80A}.Debug|Any CPU.Build.0 = Debug|Any CPU
		{0FAF1391-9BB9-4627-8455-B2CAE9B2C80A}.Release|Any CPU.ActiveCfg = Release|Any CPU
		{0FAF1391-9BB9-4627-8455-B2CAE9B2C80A}.Release|Any CPU.Build.0 = Release|Any CPU
		{524C58EA-4337-4E12-BAB1-5029BB0F7EB2}.Debug|Any CPU.ActiveCfg = Debug|Any CPU
		{524C58EA-4337-4E12-BAB1-5029BB0F7EB2}.Debug|Any CPU.Build.0 = Debug|Any CPU
		{524C58EA-4337-4E12-BAB1-5029BB0F7EB2}.Release|Any CPU.ActiveCfg = Release|Any CPU
		{524C58EA-4337-4E12-BAB1-5029BB0F7EB2}.Release|Any CPU.Build.0 = Release|Any CPU
		{E3EFA50E-1A73-4FEE-81BB-6C34052BC5DD}.Debug|Any CPU.ActiveCfg = Debug|Any CPU
		{E3EFA50E-1A73-4FEE-81BB-6C34052BC5DD}.Debug|Any CPU.Build.0 = Debug|Any CPU
		{E3EFA50E-1A73-4FEE-81BB-6C34052BC5DD}.Release|Any CPU.ActiveCfg = Release|Any CPU
		{E3EFA50E-1A73-4FEE-81BB-6C34052BC5DD}.Release|Any CPU.Build.0 = Release|Any CPU
		{A64277DF-33E2-4F7B-BF77-183306D2012D}.Debug|Any CPU.ActiveCfg = Debug|Any CPU
		{A64277DF-33E2-4F7B-BF77-183306D2012D}.Debug|Any CPU.Build.0 = Debug|Any CPU
		{A64277DF-33E2-4F7B-BF77-183306D2012D}.Release|Any CPU.ActiveCfg = Release|Any CPU
		{A64277DF-33E2-4F7B-BF77-183306D2012D}.Release|Any CPU.Build.0 = Release|Any CPU
		{C73E8EF0-2A8D-45D1-B069-B1561A0CABB2}.Debug|Any CPU.ActiveCfg = Debug|Any CPU
		{C73E8EF0-2A8D-45D1-B069-B1561A0CABB2}.Debug|Any CPU.Build.0 = Debug|Any CPU
		{C73E8EF0-2A8D-45D1-B069-B1561A0CABB2}.Release|Any CPU.ActiveCfg = Release|Any CPU
		{C73E8EF0-2A8D-45D1-B069-B1561A0CABB2}.Release|Any CPU.Build.0 = Release|Any CPU
		{C9ABA3B1-8FB6-400A-99AB-84A32F994AB2}.Debug|Any CPU.ActiveCfg = Debug|Any CPU
		{C9ABA3B1-8FB6-400A-99AB-84A32F994AB2}.Debug|Any CPU.Build.0 = Debug|Any CPU
		{C9ABA3B1-8FB6-400A-99AB-84A32F994AB2}.Release|Any CPU.ActiveCfg = Release|Any CPU
		{C9ABA3B1-8FB6-400A-99AB-84A32F994AB2}.Release|Any CPU.Build.0 = Release|Any CPU
	EndGlobalSection
	GlobalSection(SolutionProperties) = preSolution
		HideSolutionNode = FALSE
	EndGlobalSection
	GlobalSection(NestedProjects) = preSolution
		{72ADB503-D3C5-41AD-B0AF-508BD8AC0192} = {02EA681E-C7D8-13C7-8484-4AC65E1B71E8}
		{51142206-87CD-4423-9F42-E10B9C563521} = {02EA681E-C7D8-13C7-8484-4AC65E1B71E8}
		{DD5D28A6-666D-448E-8951-3C1842AEF018} = {02EA681E-C7D8-13C7-8484-4AC65E1B71E8}
		{F6242835-45EF-4F39-99A1-E6FD4CED1677} = {02EA681E-C7D8-13C7-8484-4AC65E1B71E8}
		{7AC12C92-F1D8-4ECC-ADA8-6F9A0E281C6C} = {72ADB503-D3C5-41AD-B0AF-508BD8AC0192}
		{0B588681-3784-4C6D-A193-364702328BED} = {51142206-87CD-4423-9F42-E10B9C563521}
		{2884D9D5-C5CF-4536-8DCB-FE641019F098} = {51142206-87CD-4423-9F42-E10B9C563521}
		{0FAF1391-9BB9-4627-8455-B2CAE9B2C80A} = {51142206-87CD-4423-9F42-E10B9C563521}
		{524C58EA-4337-4E12-BAB1-5029BB0F7EB2} = {51142206-87CD-4423-9F42-E10B9C563521}
		{4C903DC4-06F7-4709-B705-DCDEB3CA7FFB} = {DD5D28A6-666D-448E-8951-3C1842AEF018}
		{E3EFA50E-1A73-4FEE-81BB-6C34052BC5DD} = {4C903DC4-06F7-4709-B705-DCDEB3CA7FFB}
		{A64277DF-33E2-4F7B-BF77-183306D2012D} = {4C903DC4-06F7-4709-B705-DCDEB3CA7FFB}
		{C73E8EF0-2A8D-45D1-B069-B1561A0CABB2} = {4C903DC4-06F7-4709-B705-DCDEB3CA7FFB}
		{C9ABA3B1-8FB6-400A-99AB-84A32F994AB2} = {F6242835-45EF-4F39-99A1-E6FD4CED1677}
	EndGlobalSection
	GlobalSection(ExtensibilityGlobals) = postSolution
		SolutionGuid = {3C561CCC-0131-460F-9F40-1133FC68089B}
	EndGlobalSection
EndGlobal
