
Microsoft Visual Studio Solution File, Format Version 12.00
# Visual Studio Version 17
VisualStudioVersion = 17.14.35821.62
MinimumVisualStudioVersion = 10.0.40219.1
Project("{FAE04EC0-301F-11D3-BF4B-00C04F79EFBC}") = "AmmFramework.Extensions.Caching.Abstractions", "AmmFramework.Extensions.Caching.Abstractions\AmmFramework.Extensions.Caching.Abstractions.csproj", "{2948EA52-6149-4F23-9CC8-6185AE944554}"
EndProject
Project("{FAE04EC0-301F-11D3-BF4B-00C04F79EFBC}") = "AmmFramework.Extensions.ChangeDataLog.Abstractions", "AmmFramework.Extensions.ChangeDataLog.Abstractions\AmmFramework.Extensions.ChangeDataLog.Abstractions.csproj", "{F250A7DB-1D57-4F43-8BEF-1F2AA33F6D18}"
EndProject
Project("{FAE04EC0-301F-11D3-BF4B-00C04F79EFBC}") = "AmmFramework.Extensions.DependencyInjection.Abstractions", "AmmFramework.Extensions.DependencyInjection.Abstractions\AmmFramework.Extensions.DependencyInjection.Abstractions.csproj", "{C35FC208-C958-4EE3-99FF-3E59203BAED4}"
EndProject
Project("{FAE04EC0-301F-11D3-BF4B-00C04F79EFBC}") = "AmmFramework.Extensions.Events.Abstractions", "AmmFramework.Extensions.Events.Abstractions\AmmFramework.Extensions.Events.Abstractions.csproj", "{93397A7E-5DAC-45C0-ACFB-F7A5BE931FEF}"
EndProject
Project("{FAE04EC0-301F-11D3-BF4B-00C04F79EFBC}") = "AmmFramework.Extensions.Logger.Abstractions", "AmmFramework.Extensions.Logger.Abstractions\AmmFramework.Extensions.Logger.Abstractions.csproj", "{91DB0EEF-8BFA-413D-B379-39D032084869}"
EndProject
Project("{FAE04EC0-301F-11D3-BF4B-00C04F79EFBC}") = "AmmFramework.Extensions.MessageBus.Abstractions", "AmmFramework.Extensions.MessageBus.Abstractions\AmmFramework.Extensions.MessageBus.Abstractions.csproj", "{86F786AB-D5A7-4C6D-B6C0-D9C94D21BA5E}"
EndProject
Project("{FAE04EC0-301F-11D3-BF4B-00C04F79EFBC}") = "AmmFramework.Extensions.ObjectMappers.Abstractions", "AmmFramework.Extensions.ObjectMappers.Abstractions\AmmFramework.Extensions.ObjectMappers.Abstractions.csproj", "{F6DEAA72-5474-49D6-BB0C-30B0955676C5}"
EndProject
Project("{FAE04EC0-301F-11D3-BF4B-00C04F79EFBC}") = "AmmFramework.Extensions.Serializers.Abstractions", "AmmFramework.Extensions.Serializers.Abstractions\AmmFramework.Extensions.Serializers.Abstractions.csproj", "{A5DCFC0A-9447-4A68-AAF5-92FD1441042E}"
EndProject
Project("{FAE04EC0-301F-11D3-BF4B-00C04F79EFBC}") = "AmmFramework.Extensions.Translations.Abstractions", "AmmFramework.Extensions.Translations.Abstractions\AmmFramework.Extensions.Translations.Abstractions.csproj", "{1370BCBF-DAB5-4643-ACFE-AA76C0B1F7DD}"
EndProject
Project("{FAE04EC0-301F-11D3-BF4B-00C04F79EFBC}") = "AmmFramework.Extensions.UsersManagement.Abstractions", "AmmFramework.Extensions.UsersManagement.Abstractions\AmmFramework.Extensions.UsersManagement.Abstractions.csproj", "{4BD0D650-161F-4F23-AB85-C0D1916656D4}"
EndProject
Global
	GlobalSection(SolutionConfigurationPlatforms) = preSolution
		Debug|Any CPU = Debug|Any CPU
		Release|Any CPU = Release|Any CPU
	EndGlobalSection
	GlobalSection(ProjectConfigurationPlatforms) = postSolution
		{2948EA52-6149-4F23-9CC8-6185AE944554}.Debug|Any CPU.ActiveCfg = Debug|Any CPU
		{2948EA52-6149-4F23-9CC8-6185AE944554}.Debug|Any CPU.Build.0 = Debug|Any CPU
		{2948EA52-6149-4F23-9CC8-6185AE944554}.Release|Any CPU.ActiveCfg = Release|Any CPU
		{2948EA52-6149-4F23-9CC8-6185AE944554}.Release|Any CPU.Build.0 = Release|Any CPU
		{F250A7DB-1D57-4F43-8BEF-1F2AA33F6D18}.Debug|Any CPU.ActiveCfg = Debug|Any CPU
		{F250A7DB-1D57-4F43-8BEF-1F2AA33F6D18}.Debug|Any CPU.Build.0 = Debug|Any CPU
		{F250A7DB-1D57-4F43-8BEF-1F2AA33F6D18}.Release|Any CPU.ActiveCfg = Release|Any CPU
		{F250A7DB-1D57-4F43-8BEF-1F2AA33F6D18}.Release|Any CPU.Build.0 = Release|Any CPU
		{C35FC208-C958-4EE3-99FF-3E59203BAED4}.Debug|Any CPU.ActiveCfg = Debug|Any CPU
		{C35FC208-C958-4EE3-99FF-3E59203BAED4}.Debug|Any CPU.Build.0 = Debug|Any CPU
		{C35FC208-C958-4EE3-99FF-3E59203BAED4}.Release|Any CPU.ActiveCfg = Release|Any CPU
		{C35FC208-C958-4EE3-99FF-3E59203BAED4}.Release|Any CPU.Build.0 = Release|Any CPU
		{93397A7E-5DAC-45C0-ACFB-F7A5BE931FEF}.Debug|Any CPU.ActiveCfg = Debug|Any CPU
		{93397A7E-5DAC-45C0-ACFB-F7A5BE931FEF}.Debug|Any CPU.Build.0 = Debug|Any CPU
		{93397A7E-5DAC-45C0-ACFB-F7A5BE931FEF}.Release|Any CPU.ActiveCfg = Release|Any CPU
		{93397A7E-5DAC-45C0-ACFB-F7A5BE931FEF}.Release|Any CPU.Build.0 = Release|Any CPU
		{91DB0EEF-8BFA-413D-B379-39D032084869}.Debug|Any CPU.ActiveCfg = Debug|Any CPU
		{91DB0EEF-8BFA-413D-B379-39D032084869}.Debug|Any CPU.Build.0 = Debug|Any CPU
		{91DB0EEF-8BFA-413D-B379-39D032084869}.Release|Any CPU.ActiveCfg = Release|Any CPU
		{91DB0EEF-8BFA-413D-B379-39D032084869}.Release|Any CPU.Build.0 = Release|Any CPU
		{86F786AB-D5A7-4C6D-B6C0-D9C94D21BA5E}.Debug|Any CPU.ActiveCfg = Debug|Any CPU
		{86F786AB-D5A7-4C6D-B6C0-D9C94D21BA5E}.Debug|Any CPU.Build.0 = Debug|Any CPU
		{86F786AB-D5A7-4C6D-B6C0-D9C94D21BA5E}.Release|Any CPU.ActiveCfg = Release|Any CPU
		{86F786AB-D5A7-4C6D-B6C0-D9C94D21BA5E}.Release|Any CPU.Build.0 = Release|Any CPU
		{F6DEAA72-5474-49D6-BB0C-30B0955676C5}.Debug|Any CPU.ActiveCfg = Debug|Any CPU
		{F6DEAA72-5474-49D6-BB0C-30B0955676C5}.Debug|Any CPU.Build.0 = Debug|Any CPU
		{F6DEAA72-5474-49D6-BB0C-30B0955676C5}.Release|Any CPU.ActiveCfg = Release|Any CPU
		{F6DEAA72-5474-49D6-BB0C-30B0955676C5}.Release|Any CPU.Build.0 = Release|Any CPU
		{A5DCFC0A-9447-4A68-AAF5-92FD1441042E}.Debug|Any CPU.ActiveCfg = Debug|Any CPU
		{A5DCFC0A-9447-4A68-AAF5-92FD1441042E}.Debug|Any CPU.Build.0 = Debug|Any CPU
		{A5DCFC0A-9447-4A68-AAF5-92FD1441042E}.Release|Any CPU.ActiveCfg = Release|Any CPU
		{A5DCFC0A-9447-4A68-AAF5-92FD1441042E}.Release|Any CPU.Build.0 = Release|Any CPU
		{1370BCBF-DAB5-4643-ACFE-AA76C0B1F7DD}.Debug|Any CPU.ActiveCfg = Debug|Any CPU
		{1370BCBF-DAB5-4643-ACFE-AA76C0B1F7DD}.Debug|Any CPU.Build.0 = Debug|Any CPU
		{1370BCBF-DAB5-4643-ACFE-AA76C0B1F7DD}.Release|Any CPU.ActiveCfg = Release|Any CPU
		{1370BCBF-DAB5-4643-ACFE-AA76C0B1F7DD}.Release|Any CPU.Build.0 = Release|Any CPU
		{4BD0D650-161F-4F23-AB85-C0D1916656D4}.Debug|Any CPU.ActiveCfg = Debug|Any CPU
		{4BD0D650-161F-4F23-AB85-C0D1916656D4}.Debug|Any CPU.Build.0 = Debug|Any CPU
		{4BD0D650-161F-4F23-AB85-C0D1916656D4}.Release|Any CPU.ActiveCfg = Release|Any CPU
		{4BD0D650-161F-4F23-AB85-C0D1916656D4}.Release|Any CPU.Build.0 = Release|Any CPU
	EndGlobalSection
	GlobalSection(SolutionProperties) = preSolution
		HideSolutionNode = FALSE
	EndGlobalSection
	GlobalSection(ExtensibilityGlobals) = postSolution
		SolutionGuid = {DEBEA285-6612-49F0-BEAC-1E6E18DCB7EE}
	EndGlobalSection
EndGlobal
